
Microsoft Visual Studio Solution File, Format Version 12.00
# Visual Studio 15
VisualStudioVersion = 15.0.26730.16
MinimumVisualStudioVersion = 10.0.40219.1
Project("{FAE04EC0-301F-11D3-BF4B-00C04F79EFBC}") = "KeysOnboardingProject2", "KeysOnboardingProject2\KeysOnboardingProject2.csproj", "{D81AF2FB-F418-4D48-BD64-216C886C9128}"
EndProject
Global
	GlobalSection(SolutionConfigurationPlatforms) = preSolution
		Debug|Any CPU = Debug|Any CPU
		Release|Any CPU = Release|Any CPU
	EndGlobalSection
	GlobalSection(ProjectConfigurationPlatforms) = postSolution
		{D81AF2FB-F418-4D48-BD64-216C886C9128}.Debug|Any CPU.ActiveCfg = Debug|Any CPU
		{D81AF2FB-F418-4D48-BD64-216C886C9128}.Debug|Any CPU.Build.0 = Debug|Any CPU
		{D81AF2FB-F418-4D48-BD64-216C886C9128}.Release|Any CPU.ActiveCfg = Release|Any CPU
		{D81AF2FB-F418-4D48-BD64-216C886C9128}.Release|Any CPU.Build.0 = Release|Any CPU
	EndGlobalSection
	GlobalSection(SolutionProperties) = preSolution
		HideSolutionNode = FALSE
	EndGlobalSection
	GlobalSection(ExtensibilityGlobals) = postSolution
		SolutionGuid = {1020299E-26E2-42C0-8A20-A8492459509C}
	EndGlobalSection
EndGlobal
